
Microsoft Visual Studio Solution File, Format Version 12.00
# Visual Studio Version 17
VisualStudioVersion = 17.2.32616.157
MinimumVisualStudioVersion = 10.0.40219.1
Project("{FAE04EC0-301F-11D3-BF4B-00C04F79EFBC}") = "Cadastro", "Cadastro\Cadastro.csproj", "{EAB1C572-C8BF-4A93-A80A-82B53323C8DE}"
EndProject
Global
	GlobalSection(SolutionConfigurationPlatforms) = preSolution
		Debug|Any CPU = Debug|Any CPU
		Release|Any CPU = Release|Any CPU
	EndGlobalSection
	GlobalSection(ProjectConfigurationPlatforms) = postSolution
		{EAB1C572-C8BF-4A93-A80A-82B53323C8DE}.Debug|Any CPU.ActiveCfg = Debug|Any CPU
		{EAB1C572-C8BF-4A93-A80A-82B53323C8DE}.Debug|Any CPU.Build.0 = Debug|Any CPU
		{EAB1C572-C8BF-4A93-A80A-82B53323C8DE}.Release|Any CPU.ActiveCfg = Release|Any CPU
		{EAB1C572-C8BF-4A93-A80A-82B53323C8DE}.Release|Any CPU.Build.0 = Release|Any CPU
	EndGlobalSection
	GlobalSection(SolutionProperties) = preSolution
		HideSolutionNode = FALSE
	EndGlobalSection
	GlobalSection(ExtensibilityGlobals) = postSolution
		SolutionGuid = {37D4E1D6-D861-4256-BBCE-0E768BD44414}
	EndGlobalSection
EndGlobal
